
Microsoft Visual Studio Solution File, Format Version 12.00
# Visual Studio Version 16
VisualStudioVersion = 16.0.29613.14
MinimumVisualStudioVersion = 10.0.40219.1
Project("{FAE04EC0-301F-11D3-BF4B-00C04F79EFBC}") = "Araba", "Araba\Araba.csproj", "{BBBDA374-367D-4F62-BC51-7BD578E599CF}"
EndProject
Global
	GlobalSection(SolutionConfigurationPlatforms) = preSolution
		Debug|Any CPU = Debug|Any CPU
		Release|Any CPU = Release|Any CPU
	EndGlobalSection
	GlobalSection(ProjectConfigurationPlatforms) = postSolution
		{BBBDA374-367D-4F62-BC51-7BD578E599CF}.Debug|Any CPU.ActiveCfg = Debug|Any CPU
		{BBBDA374-367D-4F62-BC51-7BD578E599CF}.Debug|Any CPU.Build.0 = Debug|Any CPU
		{BBBDA374-367D-4F62-BC51-7BD578E599CF}.Release|Any CPU.ActiveCfg = Release|Any CPU
		{BBBDA374-367D-4F62-BC51-7BD578E599CF}.Release|Any CPU.Build.0 = Release|Any CPU
	EndGlobalSection
	GlobalSection(SolutionProperties) = preSolution
		HideSolutionNode = FALSE
	EndGlobalSection
	GlobalSection(ExtensibilityGlobals) = postSolution
		SolutionGuid = {939A1565-FABB-4A7E-BCA6-2530078EDF7F}
	EndGlobalSection
EndGlobal
